
Microsoft Visual Studio Solution File, Format Version 12.00
# Visual Studio Version 16
VisualStudioVersion = 16.0.29911.84
MinimumVisualStudioVersion = 10.0.40219.1
Project("{FAE04EC0-301F-11D3-BF4B-00C04F79EFBC}") = "SearchFunction", "SearchFunction.csproj", "{5DAC38EF-2F1F-4690-B43D-373C46CD99C5}"
EndProject
Global
	GlobalSection(SolutionConfigurationPlatforms) = preSolution
		Debug|Any CPU = Debug|Any CPU
		Release|Any CPU = Release|Any CPU
	EndGlobalSection
	GlobalSection(ProjectConfigurationPlatforms) = postSolution
		{5DAC38EF-2F1F-4690-B43D-373C46CD99C5}.Debug|Any CPU.ActiveCfg = Debug|Any CPU
		{5DAC38EF-2F1F-4690-B43D-373C46CD99C5}.Debug|Any CPU.Build.0 = Debug|Any CPU
		{5DAC38EF-2F1F-4690-B43D-373C46CD99C5}.Release|Any CPU.ActiveCfg = Release|Any CPU
		{5DAC38EF-2F1F-4690-B43D-373C46CD99C5}.Release|Any CPU.Build.0 = Release|Any CPU
	EndGlobalSection
	GlobalSection(SolutionProperties) = preSolution
		HideSolutionNode = FALSE
	EndGlobalSection
	GlobalSection(ExtensibilityGlobals) = postSolution
		SolutionGuid = {0C80D3FA-1AC8-45C1-BCE1-C40555E58B96}
	EndGlobalSection
EndGlobal
